// !$*UTF8*$!
{
	archiveVersion = 1;
	classes = {
	};
	objectVersion = 55;
	objects = {

/* Begin PBXBuildFile section */
		2C69F35627F9774F00898AE6 /* ResultViewController.swift in Sources */ = {isa = PBXBuildFile; fileRef = 2C69F35527F9774F00898AE6 /* ResultViewController.swift */; };
		2C9298C72807B61A0037E0D2 /* API.swift in Sources */ = {isa = PBXBuildFile; fileRef = 2C9298C62807B61A0037E0D2 /* API.swift */; };
		2CA5DF1927F54CF3002290D4 /* AppDelegate.swift in Sources */ = {isa = PBXBuildFile; fileRef = 2CA5DF1827F54CF3002290D4 /* AppDelegate.swift */; };
		2CA5DF1B27F54CF3002290D4 /* SceneDelegate.swift in Sources */ = {isa = PBXBuildFile; fileRef = 2CA5DF1A27F54CF3002290D4 /* SceneDelegate.swift */; };
		2CA5DF1D27F54CF3002290D4 /* ViewController.swift in Sources */ = {isa = PBXBuildFile; fileRef = 2CA5DF1C27F54CF3002290D4 /* ViewController.swift */; };
		2CA5DF2027F54CF3002290D4 /* Main.storyboard in Resources */ = {isa = PBXBuildFile; fileRef = 2CA5DF1E27F54CF3002290D4 /* Main.storyboard */; };
		2CA5DF2227F54CF6002290D4 /* Assets.xcassets in Resources */ = {isa = PBXBuildFile; fileRef = 2CA5DF2127F54CF6002290D4 /* Assets.xcassets */; };
		2CA5DF2527F54CF6002290D4 /* LaunchScreen.storyboard in Resources */ = {isa = PBXBuildFile; fileRef = 2CA5DF2327F54CF6002290D4 /* LaunchScreen.storyboard */; };
		2CA5DF3027F54CF6002290D4 /* FoodStacksTests.swift in Sources */ = {isa = PBXBuildFile; fileRef = 2CA5DF2F27F54CF6002290D4 /* FoodStacksTests.swift */; };
		2CA5DF3A27F54CF6002290D4 /* FoodStacksUITests.swift in Sources */ = {isa = PBXBuildFile; fileRef = 2CA5DF3927F54CF6002290D4 /* FoodStacksUITests.swift */; };
		2CA5DF3C27F54CF6002290D4 /* FoodStacksUITestsLaunchTests.swift in Sources */ = {isa = PBXBuildFile; fileRef = 2CA5DF3B27F54CF6002290D4 /* FoodStacksUITestsLaunchTests.swift */; };
		360FA806280F9DD900BEABED /* MapViewController.swift in Sources */ = {isa = PBXBuildFile; fileRef = 360FA805280F9DD900BEABED /* MapViewController.swift */; };
		360FA80A280FA7E400BEABED /* resultStoryboard.storyboard in Resources */ = {isa = PBXBuildFile; fileRef = 360FA809280FA7E300BEABED /* resultStoryboard.storyboard */; };
		3636BA0427FE82FA008BD0EE /* MapStoryBoard .storyboard in Resources */ = {isa = PBXBuildFile; fileRef = 3636BA0327FE82FA008BD0EE /* MapStoryBoard .storyboard */; };
		85976E3A6C408653DE36CA3F /* Pods_FoodStacksTests.framework in Frameworks */ = {isa = PBXBuildFile; fileRef = 0CC9A518F95BFB8AD58426C1 /* Pods_FoodStacksTests.framework */; };
		B4A6F3F827FD180400EA9C1A /* LoginViewController.storyboard in Resources */ = {isa = PBXBuildFile; fileRef = B4A6F3F727FD180400EA9C1A /* LoginViewController.storyboard */; };
		B4CAAFC92807BB3300631955 /* LoginViewController.swift in Sources */ = {isa = PBXBuildFile; fileRef = B4CAAFC82807BB3300631955 /* LoginViewController.swift */; };
		BFCDB806CB05AE1F15A2D006 /* Pods_FoodStacks_FoodStacksUITests.framework in Frameworks */ = {isa = PBXBuildFile; fileRef = 976E235035DFF67B3E77B669 /* Pods_FoodStacks_FoodStacksUITests.framework */; };
		C21546472806637800568AF8 /* MapKit.framework in Frameworks */ = {isa = PBXBuildFile; fileRef = C21546452806637000568AF8 /* MapKit.framework */; };
		C215464A2806637A00568AF8 /* Pods_FoodStacks.framework in Frameworks */ = {isa = PBXBuildFile; fileRef = C9AB268BE12C31F52080643F /* Pods_FoodStacks.framework */; };
		C24E89642807BB4100F094BB /* Restaurant.swift in Sources */ = {isa = PBXBuildFile; fileRef = C24E89632807BB4100F094BB /* Restaurant.swift */; };
		C288634027FE7E8D00048926 /* ReastaurantDetailStoryboard.storyboard in Resources */ = {isa = PBXBuildFile; fileRef = C288633F27FE7E8D00048926 /* ReastaurantDetailStoryboard.storyboard */; };
		C288634427FE80A400048926 /* RestaurantDetailViewController.swift in Sources */ = {isa = PBXBuildFile; fileRef = C288634327FE80A400048926 /* RestaurantDetailViewController.swift */; };
/* End PBXBuildFile section */

/* Begin PBXContainerItemProxy section */
		2CA5DF2C27F54CF6002290D4 /* PBXContainerItemProxy */ = {
			isa = PBXContainerItemProxy;
			containerPortal = 2CA5DF0D27F54CF3002290D4 /* Project object */;
			proxyType = 1;
			remoteGlobalIDString = 2CA5DF1427F54CF3002290D4;
			remoteInfo = FoodStacks;
		};
		2CA5DF3627F54CF6002290D4 /* PBXContainerItemProxy */ = {
			isa = PBXContainerItemProxy;
			containerPortal = 2CA5DF0D27F54CF3002290D4 /* Project object */;
			proxyType = 1;
			remoteGlobalIDString = 2CA5DF1427F54CF3002290D4;
			remoteInfo = FoodStacks;
		};
/* End PBXContainerItemProxy section */

/* Begin PBXFileReference section */
		0CC9A518F95BFB8AD58426C1 /* Pods_FoodStacksTests.framework */ = {isa = PBXFileReference; explicitFileType = wrapper.framework; includeInIndex = 0; path = Pods_FoodStacksTests.framework; sourceTree = BUILT_PRODUCTS_DIR; };
		2C69F35527F9774F00898AE6 /* ResultViewController.swift */ = {isa = PBXFileReference; lastKnownFileType = sourcecode.swift; path = ResultViewController.swift; sourceTree = "<group>"; };
		2C9298C62807B61A0037E0D2 /* API.swift */ = {isa = PBXFileReference; fileEncoding = 4; lastKnownFileType = sourcecode.swift; path = API.swift; sourceTree = "<group>"; };
		2CA5DF1527F54CF3002290D4 /* FoodStacks.app */ = {isa = PBXFileReference; explicitFileType = wrapper.application; includeInIndex = 0; path = FoodStacks.app; sourceTree = BUILT_PRODUCTS_DIR; };
		2CA5DF1827F54CF3002290D4 /* AppDelegate.swift */ = {isa = PBXFileReference; lastKnownFileType = sourcecode.swift; path = AppDelegate.swift; sourceTree = "<group>"; };
		2CA5DF1A27F54CF3002290D4 /* SceneDelegate.swift */ = {isa = PBXFileReference; lastKnownFileType = sourcecode.swift; path = SceneDelegate.swift; sourceTree = "<group>"; };
		2CA5DF1C27F54CF3002290D4 /* ViewController.swift */ = {isa = PBXFileReference; lastKnownFileType = sourcecode.swift; path = ViewController.swift; sourceTree = "<group>"; };
		2CA5DF1F27F54CF3002290D4 /* Base */ = {isa = PBXFileReference; lastKnownFileType = file.storyboard; name = Base; path = Base.lproj/Main.storyboard; sourceTree = "<group>"; };
		2CA5DF2127F54CF6002290D4 /* Assets.xcassets */ = {isa = PBXFileReference; lastKnownFileType = folder.assetcatalog; path = Assets.xcassets; sourceTree = "<group>"; };
		2CA5DF2427F54CF6002290D4 /* Base */ = {isa = PBXFileReference; lastKnownFileType = file.storyboard; name = Base; path = Base.lproj/LaunchScreen.storyboard; sourceTree = "<group>"; };
		2CA5DF2627F54CF6002290D4 /* Info.plist */ = {isa = PBXFileReference; lastKnownFileType = text.plist.xml; path = Info.plist; sourceTree = "<group>"; };
		2CA5DF2B27F54CF6002290D4 /* FoodStacksTests.xctest */ = {isa = PBXFileReference; explicitFileType = wrapper.cfbundle; includeInIndex = 0; path = FoodStacksTests.xctest; sourceTree = BUILT_PRODUCTS_DIR; };
		2CA5DF2F27F54CF6002290D4 /* FoodStacksTests.swift */ = {isa = PBXFileReference; lastKnownFileType = sourcecode.swift; path = FoodStacksTests.swift; sourceTree = "<group>"; };
		2CA5DF3527F54CF6002290D4 /* FoodStacksUITests.xctest */ = {isa = PBXFileReference; explicitFileType = wrapper.cfbundle; includeInIndex = 0; path = FoodStacksUITests.xctest; sourceTree = BUILT_PRODUCTS_DIR; };
		2CA5DF3927F54CF6002290D4 /* FoodStacksUITests.swift */ = {isa = PBXFileReference; lastKnownFileType = sourcecode.swift; path = FoodStacksUITests.swift; sourceTree = "<group>"; };
		2CA5DF3B27F54CF6002290D4 /* FoodStacksUITestsLaunchTests.swift */ = {isa = PBXFileReference; lastKnownFileType = sourcecode.swift; path = FoodStacksUITestsLaunchTests.swift; sourceTree = "<group>"; };
		360FA805280F9DD900BEABED /* MapViewController.swift */ = {isa = PBXFileReference; lastKnownFileType = sourcecode.swift; path = MapViewController.swift; sourceTree = "<group>"; };
		360FA809280FA7E300BEABED /* resultStoryboard.storyboard */ = {isa = PBXFileReference; lastKnownFileType = file.storyboard; path = resultStoryboard.storyboard; sourceTree = "<group>"; };
		3636BA0327FE82FA008BD0EE /* MapStoryBoard .storyboard */ = {isa = PBXFileReference; lastKnownFileType = file.storyboard; path = "MapStoryBoard .storyboard"; sourceTree = "<group>"; };
		37A10419FD5E657E5A8A2989 /* Pods-FoodStacks-FoodStacksUITests.debug.xcconfig */ = {isa = PBXFileReference; includeInIndex = 1; lastKnownFileType = text.xcconfig; name = "Pods-FoodStacks-FoodStacksUITests.debug.xcconfig"; path = "Target Support Files/Pods-FoodStacks-FoodStacksUITests/Pods-FoodStacks-FoodStacksUITests.debug.xcconfig"; sourceTree = "<group>"; };
		5F3F0D54A7CC5262A562C9AB /* Pods-FoodStacks.release.xcconfig */ = {isa = PBXFileReference; includeInIndex = 1; lastKnownFileType = text.xcconfig; name = "Pods-FoodStacks.release.xcconfig"; path = "Target Support Files/Pods-FoodStacks/Pods-FoodStacks.release.xcconfig"; sourceTree = "<group>"; };
		6C872FB92231A9250CF0EC35 /* Pods-FoodStacks-FoodStacksUITests.release.xcconfig */ = {isa = PBXFileReference; includeInIndex = 1; lastKnownFileType = text.xcconfig; name = "Pods-FoodStacks-FoodStacksUITests.release.xcconfig"; path = "Target Support Files/Pods-FoodStacks-FoodStacksUITests/Pods-FoodStacks-FoodStacksUITests.release.xcconfig"; sourceTree = "<group>"; };
		6D57AA53D65FA04D27359B60 /* Pods-FoodStacksTests.release.xcconfig */ = {isa = PBXFileReference; includeInIndex = 1; lastKnownFileType = text.xcconfig; name = "Pods-FoodStacksTests.release.xcconfig"; path = "Target Support Files/Pods-FoodStacksTests/Pods-FoodStacksTests.release.xcconfig"; sourceTree = "<group>"; };
		7BA6BBE31BA6015EAA82920D /* Pods-FoodStacks.debug.xcconfig */ = {isa = PBXFileReference; includeInIndex = 1; lastKnownFileType = text.xcconfig; name = "Pods-FoodStacks.debug.xcconfig"; path = "Target Support Files/Pods-FoodStacks/Pods-FoodStacks.debug.xcconfig"; sourceTree = "<group>"; };
		8ACFFF2E4E11BD296EB46EFD /* Pods-FoodStacksTests.debug.xcconfig */ = {isa = PBXFileReference; includeInIndex = 1; lastKnownFileType = text.xcconfig; name = "Pods-FoodStacksTests.debug.xcconfig"; path = "Target Support Files/Pods-FoodStacksTests/Pods-FoodStacksTests.debug.xcconfig"; sourceTree = "<group>"; };
		976E235035DFF67B3E77B669 /* Pods_FoodStacks_FoodStacksUITests.framework */ = {isa = PBXFileReference; explicitFileType = wrapper.framework; includeInIndex = 0; path = Pods_FoodStacks_FoodStacksUITests.framework; sourceTree = BUILT_PRODUCTS_DIR; };
		B4A6F3F727FD180400EA9C1A /* LoginViewController.storyboard */ = {isa = PBXFileReference; lastKnownFileType = file.storyboard; path = LoginViewController.storyboard; sourceTree = "<group>"; };
		B4CAAFC82807BB3300631955 /* LoginViewController.swift */ = {isa = PBXFileReference; lastKnownFileType = sourcecode.swift; path = LoginViewController.swift; sourceTree = "<group>"; };
		C21546452806637000568AF8 /* MapKit.framework */ = {isa = PBXFileReference; lastKnownFileType = wrapper.framework; name = MapKit.framework; path = System/Library/Frameworks/MapKit.framework; sourceTree = SDKROOT; };
		C24E89632807BB4100F094BB /* Restaurant.swift */ = {isa = PBXFileReference; lastKnownFileType = sourcecode.swift; path = Restaurant.swift; sourceTree = "<group>"; };
		C288633F27FE7E8D00048926 /* ReastaurantDetailStoryboard.storyboard */ = {isa = PBXFileReference; lastKnownFileType = file.storyboard; path = ReastaurantDetailStoryboard.storyboard; sourceTree = "<group>"; };
		C288634327FE80A400048926 /* RestaurantDetailViewController.swift */ = {isa = PBXFileReference; lastKnownFileType = sourcecode.swift; path = RestaurantDetailViewController.swift; sourceTree = "<group>"; };
		C9AB268BE12C31F52080643F /* Pods_FoodStacks.framework */ = {isa = PBXFileReference; explicitFileType = wrapper.framework; includeInIndex = 0; path = Pods_FoodStacks.framework; sourceTree = BUILT_PRODUCTS_DIR; };
/* End PBXFileReference section */

/* Begin PBXFrameworksBuildPhase section */
		2CA5DF1227F54CF3002290D4 /* Frameworks */ = {
			isa = PBXFrameworksBuildPhase;
			buildActionMask = 2147483647;
			files = (
				C21546472806637800568AF8 /* MapKit.framework in Frameworks */,
				C215464A2806637A00568AF8 /* Pods_FoodStacks.framework in Frameworks */,
			);
			runOnlyForDeploymentPostprocessing = 0;
		};
		2CA5DF2827F54CF6002290D4 /* Frameworks */ = {
			isa = PBXFrameworksBuildPhase;
			buildActionMask = 2147483647;
			files = (
				85976E3A6C408653DE36CA3F /* Pods_FoodStacksTests.framework in Frameworks */,
			);
			runOnlyForDeploymentPostprocessing = 0;
		};
		2CA5DF3227F54CF6002290D4 /* Frameworks */ = {
			isa = PBXFrameworksBuildPhase;
			buildActionMask = 2147483647;
			files = (
				BFCDB806CB05AE1F15A2D006 /* Pods_FoodStacks_FoodStacksUITests.framework in Frameworks */,
			);
			runOnlyForDeploymentPostprocessing = 0;
		};
/* End PBXFrameworksBuildPhase section */

/* Begin PBXGroup section */
		1990303364E91C555F4FC3F1 /* Pods */ = {
			isa = PBXGroup;
			children = (
				7BA6BBE31BA6015EAA82920D /* Pods-FoodStacks.debug.xcconfig */,
				5F3F0D54A7CC5262A562C9AB /* Pods-FoodStacks.release.xcconfig */,
				37A10419FD5E657E5A8A2989 /* Pods-FoodStacks-FoodStacksUITests.debug.xcconfig */,
				6C872FB92231A9250CF0EC35 /* Pods-FoodStacks-FoodStacksUITests.release.xcconfig */,
				8ACFFF2E4E11BD296EB46EFD /* Pods-FoodStacksTests.debug.xcconfig */,
				6D57AA53D65FA04D27359B60 /* Pods-FoodStacksTests.release.xcconfig */,
			);
			path = Pods;
			sourceTree = "<group>";
		};
		2CA5DF0C27F54CF3002290D4 = {
			isa = PBXGroup;
			children = (
				2CA5DF1727F54CF3002290D4 /* FoodStacks */,
				2CA5DF2E27F54CF6002290D4 /* FoodStacksTests */,
				2CA5DF3827F54CF6002290D4 /* FoodStacksUITests */,
				2CA5DF1627F54CF3002290D4 /* Products */,
				1990303364E91C555F4FC3F1 /* Pods */,
				450DCDFB13BD3CEBCB107066 /* Frameworks */,
			);
			sourceTree = "<group>";
		};
		2CA5DF1627F54CF3002290D4 /* Products */ = {
			isa = PBXGroup;
			children = (
				2CA5DF1527F54CF3002290D4 /* FoodStacks.app */,
				2CA5DF2B27F54CF6002290D4 /* FoodStacksTests.xctest */,
				2CA5DF3527F54CF6002290D4 /* FoodStacksUITests.xctest */,
			);
			name = Products;
			sourceTree = "<group>";
		};
		2CA5DF1727F54CF3002290D4 /* FoodStacks */ = {
			isa = PBXGroup;
			children = (
				2CA5DF2127F54CF6002290D4 /* Assets.xcassets */,
				2CA5DF1827F54CF3002290D4 /* AppDelegate.swift */,
				2CA5DF1A27F54CF3002290D4 /* SceneDelegate.swift */,
				2CA5DF1C27F54CF3002290D4 /* ViewController.swift */,
				C2CF5D1C28075DD100845CB9 /* Network */,
				C24E89652807C0B700F094BB /* Model */,
				3636BA0527FE8315008BD0EE /* MapStoryBoard */,
				C288634227FE800D00048926 /* LogInAndLogout */,
				C288634127FE7F5E00048926 /* Result */,
				C288633E27FE7E6A00048926 /* RestaurantInfo */,
				2CA5DF1E27F54CF3002290D4 /* Main.storyboard */,
				2CA5DF2327F54CF6002290D4 /* LaunchScreen.storyboard */,
				2CA5DF2627F54CF6002290D4 /* Info.plist */,
			);
			path = FoodStacks;
			sourceTree = "<group>";
		};
		2CA5DF2E27F54CF6002290D4 /* FoodStacksTests */ = {
			isa = PBXGroup;
			children = (
				2CA5DF2F27F54CF6002290D4 /* FoodStacksTests.swift */,
			);
			path = FoodStacksTests;
			sourceTree = "<group>";
		};
		2CA5DF3827F54CF6002290D4 /* FoodStacksUITests */ = {
			isa = PBXGroup;
			children = (
				2CA5DF3927F54CF6002290D4 /* FoodStacksUITests.swift */,
				2CA5DF3B27F54CF6002290D4 /* FoodStacksUITestsLaunchTests.swift */,
			);
			path = FoodStacksUITests;
			sourceTree = "<group>";
		};
		3636BA0527FE8315008BD0EE /* MapStoryBoard */ = {
			isa = PBXGroup;
			children = (
				3636BA0327FE82FA008BD0EE /* MapStoryBoard .storyboard */,
				360FA805280F9DD900BEABED /* MapViewController.swift */,
			);
			path = MapStoryBoard;
			sourceTree = "<group>";
		};
		450DCDFB13BD3CEBCB107066 /* Frameworks */ = {
			isa = PBXGroup;
			children = (
				C21546452806637000568AF8 /* MapKit.framework */,
				C9AB268BE12C31F52080643F /* Pods_FoodStacks.framework */,
				976E235035DFF67B3E77B669 /* Pods_FoodStacks_FoodStacksUITests.framework */,
				0CC9A518F95BFB8AD58426C1 /* Pods_FoodStacksTests.framework */,
			);
			name = Frameworks;
			sourceTree = "<group>";
		};
		C24E89652807C0B700F094BB /* Model */ = {
			isa = PBXGroup;
			children = (
				C24E89632807BB4100F094BB /* Restaurant.swift */,
			);
			path = Model;
			sourceTree = "<group>";
		};
		C288633E27FE7E6A00048926 /* RestaurantInfo */ = {
			isa = PBXGroup;
			children = (
				C288633F27FE7E8D00048926 /* ReastaurantDetailStoryboard.storyboard */,
				C288634327FE80A400048926 /* RestaurantDetailViewController.swift */,
			);
			path = RestaurantInfo;
			sourceTree = "<group>";
		};
		C288634127FE7F5E00048926 /* Result */ = {
			isa = PBXGroup;
			children = (
				2C69F35527F9774F00898AE6 /* ResultViewController.swift */,
				360FA809280FA7E300BEABED /* resultStoryboard.storyboard */,
			);
			path = Result;
			sourceTree = "<group>";
		};
		C288634227FE800D00048926 /* LogInAndLogout */ = {
			isa = PBXGroup;
			children = (
				B4A6F3F727FD180400EA9C1A /* LoginViewController.storyboard */,
				B4CAAFC82807BB3300631955 /* LoginViewController.swift */,
			);
			path = LogInAndLogout;
			sourceTree = "<group>";
		};
		C2CF5D1C28075DD100845CB9 /* Network */ = {
			isa = PBXGroup;
			children = (
				2C9298C62807B61A0037E0D2 /* API.swift */,
			);
			path = Network;
			sourceTree = "<group>";
		};
/* End PBXGroup section */

/* Begin PBXNativeTarget section */
		2CA5DF1427F54CF3002290D4 /* FoodStacks */ = {
			isa = PBXNativeTarget;
			buildConfigurationList = 2CA5DF3F27F54CF6002290D4 /* Build configuration list for PBXNativeTarget "FoodStacks" */;
			buildPhases = (
				B703AA6C485269EABDB6981B /* [CP] Check Pods Manifest.lock */,
				2CA5DF1127F54CF3002290D4 /* Sources */,
				2CA5DF1227F54CF3002290D4 /* Frameworks */,
				2CA5DF1327F54CF3002290D4 /* Resources */,
				87151F7EF4B3787E11FA9238 /* [CP] Embed Pods Frameworks */,
			);
			buildRules = (
			);
			dependencies = (
			);
			name = FoodStacks;
			productName = FoodStacks;
			productReference = 2CA5DF1527F54CF3002290D4 /* FoodStacks.app */;
			productType = "com.apple.product-type.application";
		};
		2CA5DF2A27F54CF6002290D4 /* FoodStacksTests */ = {
			isa = PBXNativeTarget;
			buildConfigurationList = 2CA5DF4227F54CF6002290D4 /* Build configuration list for PBXNativeTarget "FoodStacksTests" */;
			buildPhases = (
				07C7A1F42853B11A07BCE824 /* [CP] Check Pods Manifest.lock */,
				2CA5DF2727F54CF6002290D4 /* Sources */,
				2CA5DF2827F54CF6002290D4 /* Frameworks */,
				2CA5DF2927F54CF6002290D4 /* Resources */,
			);
			buildRules = (
			);
			dependencies = (
				2CA5DF2D27F54CF6002290D4 /* PBXTargetDependency */,
			);
			name = FoodStacksTests;
			productName = FoodStacksTests;
			productReference = 2CA5DF2B27F54CF6002290D4 /* FoodStacksTests.xctest */;
			productType = "com.apple.product-type.bundle.unit-test";
		};
		2CA5DF3427F54CF6002290D4 /* FoodStacksUITests */ = {
			isa = PBXNativeTarget;
			buildConfigurationList = 2CA5DF4527F54CF6002290D4 /* Build configuration list for PBXNativeTarget "FoodStacksUITests" */;
			buildPhases = (
				6BC79DC3E94D41DD183DFAED /* [CP] Check Pods Manifest.lock */,
				2CA5DF3127F54CF6002290D4 /* Sources */,
				2CA5DF3227F54CF6002290D4 /* Frameworks */,
				2CA5DF3327F54CF6002290D4 /* Resources */,
				170E547E9D609A41A6306F7C /* [CP] Embed Pods Frameworks */,
			);
			buildRules = (
			);
			dependencies = (
				2CA5DF3727F54CF6002290D4 /* PBXTargetDependency */,
			);
			name = FoodStacksUITests;
			productName = FoodStacksUITests;
			productReference = 2CA5DF3527F54CF6002290D4 /* FoodStacksUITests.xctest */;
			productType = "com.apple.product-type.bundle.ui-testing";
		};
/* End PBXNativeTarget section */

/* Begin PBXProject section */
		2CA5DF0D27F54CF3002290D4 /* Project object */ = {
			isa = PBXProject;
			attributes = {
				BuildIndependentTargetsInParallel = 1;
				LastSwiftUpdateCheck = 1330;
				LastUpgradeCheck = 1330;
				TargetAttributes = {
					2CA5DF1427F54CF3002290D4 = {
						CreatedOnToolsVersion = 13.3;
					};
					2CA5DF2A27F54CF6002290D4 = {
						CreatedOnToolsVersion = 13.3;
						TestTargetID = 2CA5DF1427F54CF3002290D4;
					};
					2CA5DF3427F54CF6002290D4 = {
						CreatedOnToolsVersion = 13.3;
						TestTargetID = 2CA5DF1427F54CF3002290D4;
					};
				};
			};
			buildConfigurationList = 2CA5DF1027F54CF3002290D4 /* Build configuration list for PBXProject "FoodStacks" */;
			compatibilityVersion = "Xcode 13.0";
			developmentRegion = en;
			hasScannedForEncodings = 0;
			knownRegions = (
				en,
				Base,
			);
			mainGroup = 2CA5DF0C27F54CF3002290D4;
			productRefGroup = 2CA5DF1627F54CF3002290D4 /* Products */;
			projectDirPath = "";
			projectRoot = "";
			targets = (
				2CA5DF1427F54CF3002290D4 /* FoodStacks */,
				2CA5DF2A27F54CF6002290D4 /* FoodStacksTests */,
				2CA5DF3427F54CF6002290D4 /* FoodStacksUITests */,
			);
		};
/* End PBXProject section */

/* Begin PBXResourcesBuildPhase section */
		2CA5DF1327F54CF3002290D4 /* Resources */ = {
			isa = PBXResourcesBuildPhase;
			buildActionMask = 2147483647;
			files = (
				2CA5DF2527F54CF6002290D4 /* LaunchScreen.storyboard in Resources */,
				B4A6F3F827FD180400EA9C1A /* LoginViewController.storyboard in Resources */,
				2CA5DF2227F54CF6002290D4 /* Assets.xcassets in Resources */,
				C288634027FE7E8D00048926 /* ReastaurantDetailStoryboard.storyboard in Resources */,
				3636BA0427FE82FA008BD0EE /* MapStoryBoard .storyboard in Resources */,
				2CA5DF2027F54CF3002290D4 /* Main.storyboard in Resources */,
				360FA80A280FA7E400BEABED /* resultStoryboard.storyboard in Resources */,
			);
			runOnlyForDeploymentPostprocessing = 0;
		};
		2CA5DF2927F54CF6002290D4 /* Resources */ = {
			isa = PBXResourcesBuildPhase;
			buildActionMask = 2147483647;
			files = (
			);
			runOnlyForDeploymentPostprocessing = 0;
		};
		2CA5DF3327F54CF6002290D4 /* Resources */ = {
			isa = PBXResourcesBuildPhase;
			buildActionMask = 2147483647;
			files = (
			);
			runOnlyForDeploymentPostprocessing = 0;
		};
/* End PBXResourcesBuildPhase section */

/* Begin PBXShellScriptBuildPhase section */
		07C7A1F42853B11A07BCE824 /* [CP] Check Pods Manifest.lock */ = {
			isa = PBXShellScriptBuildPhase;
			buildActionMask = 2147483647;
			files = (
			);
			inputFileListPaths = (
			);
			inputPaths = (
				"${PODS_PODFILE_DIR_PATH}/Podfile.lock",
				"${PODS_ROOT}/Manifest.lock",
			);
			name = "[CP] Check Pods Manifest.lock";
			outputFileListPaths = (
			);
			outputPaths = (
				"$(DERIVED_FILE_DIR)/Pods-FoodStacksTests-checkManifestLockResult.txt",
			);
			runOnlyForDeploymentPostprocessing = 0;
			shellPath = /bin/sh;
			shellScript = "diff \"${PODS_PODFILE_DIR_PATH}/Podfile.lock\" \"${PODS_ROOT}/Manifest.lock\" > /dev/null\nif [ $? != 0 ] ; then\n    # print error to STDERR\n    echo \"error: The sandbox is not in sync with the Podfile.lock. Run 'pod install' or update your CocoaPods installation.\" >&2\n    exit 1\nfi\n# This output is used by Xcode 'outputs' to avoid re-running this script phase.\necho \"SUCCESS\" > \"${SCRIPT_OUTPUT_FILE_0}\"\n";
			showEnvVarsInLog = 0;
		};
		170E547E9D609A41A6306F7C /* [CP] Embed Pods Frameworks */ = {
			isa = PBXShellScriptBuildPhase;
			buildActionMask = 2147483647;
			files = (
			);
			inputFileListPaths = (
				"${PODS_ROOT}/Target Support Files/Pods-FoodStacks-FoodStacksUITests/Pods-FoodStacks-FoodStacksUITests-frameworks-${CONFIGURATION}-input-files.xcfilelist",
			);
			name = "[CP] Embed Pods Frameworks";
			outputFileListPaths = (
				"${PODS_ROOT}/Target Support Files/Pods-FoodStacks-FoodStacksUITests/Pods-FoodStacks-FoodStacksUITests-frameworks-${CONFIGURATION}-output-files.xcfilelist",
			);
			runOnlyForDeploymentPostprocessing = 0;
			shellPath = /bin/sh;
			shellScript = "\"${PODS_ROOT}/Target Support Files/Pods-FoodStacks-FoodStacksUITests/Pods-FoodStacks-FoodStacksUITests-frameworks.sh\"\n";
			showEnvVarsInLog = 0;
		};
		6BC79DC3E94D41DD183DFAED /* [CP] Check Pods Manifest.lock */ = {
			isa = PBXShellScriptBuildPhase;
			buildActionMask = 2147483647;
			files = (
			);
			inputFileListPaths = (
			);
			inputPaths = (
				"${PODS_PODFILE_DIR_PATH}/Podfile.lock",
				"${PODS_ROOT}/Manifest.lock",
			);
			name = "[CP] Check Pods Manifest.lock";
			outputFileListPaths = (
			);
			outputPaths = (
				"$(DERIVED_FILE_DIR)/Pods-FoodStacks-FoodStacksUITests-checkManifestLockResult.txt",
			);
			runOnlyForDeploymentPostprocessing = 0;
			shellPath = /bin/sh;
			shellScript = "diff \"${PODS_PODFILE_DIR_PATH}/Podfile.lock\" \"${PODS_ROOT}/Manifest.lock\" > /dev/null\nif [ $? != 0 ] ; then\n    # print error to STDERR\n    echo \"error: The sandbox is not in sync with the Podfile.lock. Run 'pod install' or update your CocoaPods installation.\" >&2\n    exit 1\nfi\n# This output is used by Xcode 'outputs' to avoid re-running this script phase.\necho \"SUCCESS\" > \"${SCRIPT_OUTPUT_FILE_0}\"\n";
			showEnvVarsInLog = 0;
		};
		87151F7EF4B3787E11FA9238 /* [CP] Embed Pods Frameworks */ = {
			isa = PBXShellScriptBuildPhase;
			buildActionMask = 2147483647;
			files = (
			);
			inputFileListPaths = (
				"${PODS_ROOT}/Target Support Files/Pods-FoodStacks/Pods-FoodStacks-frameworks-${CONFIGURATION}-input-files.xcfilelist",
			);
			name = "[CP] Embed Pods Frameworks";
			outputFileListPaths = (
				"${PODS_ROOT}/Target Support Files/Pods-FoodStacks/Pods-FoodStacks-frameworks-${CONFIGURATION}-output-files.xcfilelist",
			);
			runOnlyForDeploymentPostprocessing = 0;
			shellPath = /bin/sh;
			shellScript = "\"${PODS_ROOT}/Target Support Files/Pods-FoodStacks/Pods-FoodStacks-frameworks.sh\"\n";
			showEnvVarsInLog = 0;
		};
		B703AA6C485269EABDB6981B /* [CP] Check Pods Manifest.lock */ = {
			isa = PBXShellScriptBuildPhase;
			buildActionMask = 2147483647;
			files = (
			);
			inputFileListPaths = (
			);
			inputPaths = (
				"${PODS_PODFILE_DIR_PATH}/Podfile.lock",
				"${PODS_ROOT}/Manifest.lock",
			);
			name = "[CP] Check Pods Manifest.lock";
			outputFileListPaths = (
			);
			outputPaths = (
				"$(DERIVED_FILE_DIR)/Pods-FoodStacks-checkManifestLockResult.txt",
			);
			runOnlyForDeploymentPostprocessing = 0;
			shellPath = /bin/sh;
			shellScript = "diff \"${PODS_PODFILE_DIR_PATH}/Podfile.lock\" \"${PODS_ROOT}/Manifest.lock\" > /dev/null\nif [ $? != 0 ] ; then\n    # print error to STDERR\n    echo \"error: The sandbox is not in sync with the Podfile.lock. Run 'pod install' or update your CocoaPods installation.\" >&2\n    exit 1\nfi\n# This output is used by Xcode 'outputs' to avoid re-running this script phase.\necho \"SUCCESS\" > \"${SCRIPT_OUTPUT_FILE_0}\"\n";
			showEnvVarsInLog = 0;
		};
/* End PBXShellScriptBuildPhase section */

/* Begin PBXSourcesBuildPhase section */
		2CA5DF1127F54CF3002290D4 /* Sources */ = {
			isa = PBXSourcesBuildPhase;
			buildActionMask = 2147483647;
			files = (
				B4CAAFC92807BB3300631955 /* LoginViewController.swift in Sources */,
				2CA5DF1D27F54CF3002290D4 /* ViewController.swift in Sources */,
				C288634427FE80A400048926 /* RestaurantDetailViewController.swift in Sources */,
				360FA806280F9DD900BEABED /* MapViewController.swift in Sources */,
				2CA5DF1927F54CF3002290D4 /* AppDelegate.swift in Sources */,
				C24E89642807BB4100F094BB /* Restaurant.swift in Sources */,
				2CA5DF1B27F54CF3002290D4 /* SceneDelegate.swift in Sources */,
				2C9298C72807B61A0037E0D2 /* API.swift in Sources */,
				2C69F35627F9774F00898AE6 /* ResultViewController.swift in Sources */,
			);
			runOnlyForDeploymentPostprocessing = 0;
		};
		2CA5DF2727F54CF6002290D4 /* Sources */ = {
			isa = PBXSourcesBuildPhase;
			buildActionMask = 2147483647;
			files = (
				2CA5DF3027F54CF6002290D4 /* FoodStacksTests.swift in Sources */,
			);
			runOnlyForDeploymentPostprocessing = 0;
		};
		2CA5DF3127F54CF6002290D4 /* Sources */ = {
			isa = PBXSourcesBuildPhase;
			buildActionMask = 2147483647;
			files = (
				2CA5DF3A27F54CF6002290D4 /* FoodStacksUITests.swift in Sources */,
				2CA5DF3C27F54CF6002290D4 /* FoodStacksUITestsLaunchTests.swift in Sources */,
			);
			runOnlyForDeploymentPostprocessing = 0;
		};
/* End PBXSourcesBuildPhase section */

/* Begin PBXTargetDependency section */
		2CA5DF2D27F54CF6002290D4 /* PBXTargetDependency */ = {
			isa = PBXTargetDependency;
			target = 2CA5DF1427F54CF3002290D4 /* FoodStacks */;
			targetProxy = 2CA5DF2C27F54CF6002290D4 /* PBXContainerItemProxy */;
		};
		2CA5DF3727F54CF6002290D4 /* PBXTargetDependency */ = {
			isa = PBXTargetDependency;
			target = 2CA5DF1427F54CF3002290D4 /* FoodStacks */;
			targetProxy = 2CA5DF3627F54CF6002290D4 /* PBXContainerItemProxy */;
		};
/* End PBXTargetDependency section */

/* Begin PBXVariantGroup section */
		2CA5DF1E27F54CF3002290D4 /* Main.storyboard */ = {
			isa = PBXVariantGroup;
			children = (
				2CA5DF1F27F54CF3002290D4 /* Base */,
			);
			name = Main.storyboard;
			sourceTree = "<group>";
		};
		2CA5DF2327F54CF6002290D4 /* LaunchScreen.storyboard */ = {
			isa = PBXVariantGroup;
			children = (
				2CA5DF2427F54CF6002290D4 /* Base */,
			);
			name = LaunchScreen.storyboard;
			sourceTree = "<group>";
		};
/* End PBXVariantGroup section */

/* Begin XCBuildConfiguration section */
		2CA5DF3D27F54CF6002290D4 /* Debug */ = {
			isa = XCBuildConfiguration;
			buildSettings = {
				ALWAYS_SEARCH_USER_PATHS = NO;
				CLANG_ANALYZER_NONNULL = YES;
				CLANG_ANALYZER_NUMBER_OBJECT_CONVERSION = YES_AGGRESSIVE;
				CLANG_CXX_LANGUAGE_STANDARD = "gnu++17";
				CLANG_ENABLE_MODULES = YES;
				CLANG_ENABLE_OBJC_ARC = YES;
				CLANG_ENABLE_OBJC_WEAK = YES;
				CLANG_WARN_BLOCK_CAPTURE_AUTORELEASING = YES;
				CLANG_WARN_BOOL_CONVERSION = YES;
				CLANG_WARN_COMMA = YES;
				CLANG_WARN_CONSTANT_CONVERSION = YES;
				CLANG_WARN_DEPRECATED_OBJC_IMPLEMENTATIONS = YES;
				CLANG_WARN_DIRECT_OBJC_ISA_USAGE = YES_ERROR;
				CLANG_WARN_DOCUMENTATION_COMMENTS = YES;
				CLANG_WARN_EMPTY_BODY = YES;
				CLANG_WARN_ENUM_CONVERSION = YES;
				CLANG_WARN_INFINITE_RECURSION = YES;
				CLANG_WARN_INT_CONVERSION = YES;
				CLANG_WARN_NON_LITERAL_NULL_CONVERSION = YES;
				CLANG_WARN_OBJC_IMPLICIT_RETAIN_SELF = YES;
				CLANG_WARN_OBJC_LITERAL_CONVERSION = YES;
				CLANG_WARN_OBJC_ROOT_CLASS = YES_ERROR;
				CLANG_WARN_QUOTED_INCLUDE_IN_FRAMEWORK_HEADER = YES;
				CLANG_WARN_RANGE_LOOP_ANALYSIS = YES;
				CLANG_WARN_STRICT_PROTOTYPES = YES;
				CLANG_WARN_SUSPICIOUS_MOVE = YES;
				CLANG_WARN_UNGUARDED_AVAILABILITY = YES_AGGRESSIVE;
				CLANG_WARN_UNREACHABLE_CODE = YES;
				CLANG_WARN__DUPLICATE_METHOD_MATCH = YES;
				COPY_PHASE_STRIP = NO;
				DEBUG_INFORMATION_FORMAT = dwarf;
				ENABLE_STRICT_OBJC_MSGSEND = YES;
				ENABLE_TESTABILITY = YES;
				GCC_C_LANGUAGE_STANDARD = gnu11;
				GCC_DYNAMIC_NO_PIC = NO;
				GCC_NO_COMMON_BLOCKS = YES;
				GCC_OPTIMIZATION_LEVEL = 0;
				GCC_PREPROCESSOR_DEFINITIONS = (
					"DEBUG=1",
					"$(inherited)",
				);
				GCC_WARN_64_TO_32_BIT_CONVERSION = YES;
				GCC_WARN_ABOUT_RETURN_TYPE = YES_ERROR;
				GCC_WARN_UNDECLARED_SELECTOR = YES;
				GCC_WARN_UNINITIALIZED_AUTOS = YES_AGGRESSIVE;
				GCC_WARN_UNUSED_FUNCTION = YES;
				GCC_WARN_UNUSED_VARIABLE = YES;
				IPHONEOS_DEPLOYMENT_TARGET = 15.4;
				MTL_ENABLE_DEBUG_INFO = INCLUDE_SOURCE;
				MTL_FAST_MATH = YES;
				ONLY_ACTIVE_ARCH = YES;
				SDKROOT = iphoneos;
				SWIFT_ACTIVE_COMPILATION_CONDITIONS = DEBUG;
				SWIFT_OPTIMIZATION_LEVEL = "-Onone";
			};
			name = Debug;
		};
		2CA5DF3E27F54CF6002290D4 /* Release */ = {
			isa = XCBuildConfiguration;
			buildSettings = {
				ALWAYS_SEARCH_USER_PATHS = NO;
				CLANG_ANALYZER_NONNULL = YES;
				CLANG_ANALYZER_NUMBER_OBJECT_CONVERSION = YES_AGGRESSIVE;
				CLANG_CXX_LANGUAGE_STANDARD = "gnu++17";
				CLANG_ENABLE_MODULES = YES;
				CLANG_ENABLE_OBJC_ARC = YES;
				CLANG_ENABLE_OBJC_WEAK = YES;
				CLANG_WARN_BLOCK_CAPTURE_AUTORELEASING = YES;
				CLANG_WARN_BOOL_CONVERSION = YES;
				CLANG_WARN_COMMA = YES;
				CLANG_WARN_CONSTANT_CONVERSION = YES;
				CLANG_WARN_DEPRECATED_OBJC_IMPLEMENTATIONS = YES;
				CLANG_WARN_DIRECT_OBJC_ISA_USAGE = YES_ERROR;
				CLANG_WARN_DOCUMENTATION_COMMENTS = YES;
				CLANG_WARN_EMPTY_BODY = YES;
				CLANG_WARN_ENUM_CONVERSION = YES;
				CLANG_WARN_INFINITE_RECURSION = YES;
				CLANG_WARN_INT_CONVERSION = YES;
				CLANG_WARN_NON_LITERAL_NULL_CONVERSION = YES;
				CLANG_WARN_OBJC_IMPLICIT_RETAIN_SELF = YES;
				CLANG_WARN_OBJC_LITERAL_CONVERSION = YES;
				CLANG_WARN_OBJC_ROOT_CLASS = YES_ERROR;
				CLANG_WARN_QUOTED_INCLUDE_IN_FRAMEWORK_HEADER = YES;
				CLANG_WARN_RANGE_LOOP_ANALYSIS = YES;
				CLANG_WARN_STRICT_PROTOTYPES = YES;
				CLANG_WARN_SUSPICIOUS_MOVE = YES;
				CLANG_WARN_UNGUARDED_AVAILABILITY = YES_AGGRESSIVE;
				CLANG_WARN_UNREACHABLE_CODE = YES;
				CLANG_WARN__DUPLICATE_METHOD_MATCH = YES;
				COPY_PHASE_STRIP = NO;
				DEBUG_INFORMATION_FORMAT = "dwarf-with-dsym";
				ENABLE_NS_ASSERTIONS = NO;
				ENABLE_STRICT_OBJC_MSGSEND = YES;
				GCC_C_LANGUAGE_STANDARD = gnu11;
				GCC_NO_COMMON_BLOCKS = YES;
				GCC_WARN_64_TO_32_BIT_CONVERSION = YES;
				GCC_WARN_ABOUT_RETURN_TYPE = YES_ERROR;
				GCC_WARN_UNDECLARED_SELECTOR = YES;
				GCC_WARN_UNINITIALIZED_AUTOS = YES_AGGRESSIVE;
				GCC_WARN_UNUSED_FUNCTION = YES;
				GCC_WARN_UNUSED_VARIABLE = YES;
				IPHONEOS_DEPLOYMENT_TARGET = 15.4;
				MTL_ENABLE_DEBUG_INFO = NO;
				MTL_FAST_MATH = YES;
				SDKROOT = iphoneos;
				SWIFT_COMPILATION_MODE = wholemodule;
				SWIFT_OPTIMIZATION_LEVEL = "-O";
				VALIDATE_PRODUCT = YES;
			};
			name = Release;
		};
		2CA5DF4027F54CF6002290D4 /* Debug */ = {
			isa = XCBuildConfiguration;
			baseConfigurationReference = 7BA6BBE31BA6015EAA82920D /* Pods-FoodStacks.debug.xcconfig */;
			buildSettings = {
				ASSETCATALOG_COMPILER_APPICON_NAME = AppIcon;
				ASSETCATALOG_COMPILER_GLOBAL_ACCENT_COLOR_NAME = AccentColor;
				CODE_SIGN_STYLE = Automatic;
				CURRENT_PROJECT_VERSION = 1;
				GENERATE_INFOPLIST_FILE = YES;
				INFOPLIST_FILE = FoodStacks/Info.plist;
				INFOPLIST_KEY_UIApplicationSupportsIndirectInputEvents = YES;
				INFOPLIST_KEY_UILaunchStoryboardName = LaunchScreen;
				INFOPLIST_KEY_UIMainStoryboardFile = Main;
				INFOPLIST_KEY_UISupportedInterfaceOrientations_iPad = "UIInterfaceOrientationPortrait UIInterfaceOrientationPortraitUpsideDown UIInterfaceOrientationLandscapeLeft UIInterfaceOrientationLandscapeRight";
				INFOPLIST_KEY_UISupportedInterfaceOrientations_iPhone = "UIInterfaceOrientationPortrait UIInterfaceOrientationLandscapeLeft UIInterfaceOrientationLandscapeRight";
				LD_RUNPATH_SEARCH_PATHS = (
					"$(inherited)",
					"@executable_path/Frameworks",
				);
				MARKETING_VERSION = 1.0;
				PRODUCT_BUNDLE_IDENTIFIER = com.relintao.FoodStacks;
				PRODUCT_NAME = "$(TARGET_NAME)";
				SWIFT_EMIT_LOC_STRINGS = YES;
				SWIFT_VERSION = 5.0;
				TARGETED_DEVICE_FAMILY = "1,2";
			};
			name = Debug;
		};
		2CA5DF4127F54CF6002290D4 /* Release */ = {
			isa = XCBuildConfiguration;
			baseConfigurationReference = 5F3F0D54A7CC5262A562C9AB /* Pods-FoodStacks.release.xcconfig */;
			buildSettings = {
				ASSETCATALOG_COMPILER_APPICON_NAME = AppIcon;
				ASSETCATALOG_COMPILER_GLOBAL_ACCENT_COLOR_NAME = AccentColor;
				CODE_SIGN_STYLE = Automatic;
				CURRENT_PROJECT_VERSION = 1;
				GENERATE_INFOPLIST_FILE = YES;
				INFOPLIST_FILE = FoodStacks/Info.plist;
				INFOPLIST_KEY_UIApplicationSupportsIndirectInputEvents = YES;
				INFOPLIST_KEY_UILaunchStoryboardName = LaunchScreen;
				INFOPLIST_KEY_UIMainStoryboardFile = Main;
				INFOPLIST_KEY_UISupportedInterfaceOrientations_iPad = "UIInterfaceOrientationPortrait UIInterfaceOrientationPortraitUpsideDown UIInterfaceOrientationLandscapeLeft UIInterfaceOrientationLandscapeRight";
				INFOPLIST_KEY_UISupportedInterfaceOrientations_iPhone = "UIInterfaceOrientationPortrait UIInterfaceOrientationLandscapeLeft UIInterfaceOrientationLandscapeRight";
				LD_RUNPATH_SEARCH_PATHS = (
					"$(inherited)",
					"@executable_path/Frameworks",
				);
				MARKETING_VERSION = 1.0;
				PRODUCT_BUNDLE_IDENTIFIER = com.relintao.FoodStacks;
				PRODUCT_NAME = "$(TARGET_NAME)";
				SWIFT_EMIT_LOC_STRINGS = YES;
				SWIFT_VERSION = 5.0;
				TARGETED_DEVICE_FAMILY = "1,2";
			};
			name = Release;
		};
		2CA5DF4327F54CF6002290D4 /* Debug */ = {
			isa = XCBuildConfiguration;
			baseConfigurationReference = 8ACFFF2E4E11BD296EB46EFD /* Pods-FoodStacksTests.debug.xcconfig */;
			buildSettings = {
				ALWAYS_EMBED_SWIFT_STANDARD_LIBRARIES = YES;
				BUNDLE_LOADER = "$(TEST_HOST)";
				CODE_SIGN_STYLE = Automatic;
				CURRENT_PROJECT_VERSION = 1;
				GENERATE_INFOPLIST_FILE = YES;
				IPHONEOS_DEPLOYMENT_TARGET = 15.4;
				MARKETING_VERSION = 1.0;
				PRODUCT_BUNDLE_IDENTIFIER = com.relintao.FoodStacksTests;
				PRODUCT_NAME = "$(TARGET_NAME)";
				SWIFT_EMIT_LOC_STRINGS = NO;
				SWIFT_VERSION = 5.0;
				TARGETED_DEVICE_FAMILY = "1,2";
				TEST_HOST = "$(BUILT_PRODUCTS_DIR)/FoodStacks.app/FoodStacks";
			};
			name = Debug;
		};
		2CA5DF4427F54CF6002290D4 /* Release */ = {
			isa = XCBuildConfiguration;
			baseConfigurationReference = 6D57AA53D65FA04D27359B60 /* Pods-FoodStacksTests.release.xcconfig */;
			buildSettings = {
				ALWAYS_EMBED_SWIFT_STANDARD_LIBRARIES = YES;
				BUNDLE_LOADER = "$(TEST_HOST)";
				CODE_SIGN_STYLE = Automatic;
				CURRENT_PROJECT_VERSION = 1;
				GENERATE_INFOPLIST_FILE = YES;
				IPHONEOS_DEPLOYMENT_TARGET = 15.4;
				MARKETING_VERSION = 1.0;
				PRODUCT_BUNDLE_IDENTIFIER = com.relintao.FoodStacksTests;
				PRODUCT_NAME = "$(TARGET_NAME)";
				SWIFT_EMIT_LOC_STRINGS = NO;
				SWIFT_VERSION = 5.0;
				TARGETED_DEVICE_FAMILY = "1,2";
				TEST_HOST = "$(BUILT_PRODUCTS_DIR)/FoodStacks.app/FoodStacks";
			};
			name = Release;
		};
		2CA5DF4627F54CF6002290D4 /* Debug */ = {
			isa = XCBuildConfiguration;
			baseConfigurationReference = 37A10419FD5E657E5A8A2989 /* Pods-FoodStacks-FoodStacksUITests.debug.xcconfig */;
			buildSettings = {
				ALWAYS_EMBED_SWIFT_STANDARD_LIBRARIES = YES;
				CODE_SIGN_STYLE = Automatic;
				CURRENT_PROJECT_VERSION = 1;
				GENERATE_INFOPLIST_FILE = YES;
				MARKETING_VERSION = 1.0;
				PRODUCT_BUNDLE_IDENTIFIER = com.relintao.FoodStacksUITests;
				PRODUCT_NAME = "$(TARGET_NAME)";
				SWIFT_EMIT_LOC_STRINGS = NO;
				SWIFT_VERSION = 5.0;
				TARGETED_DEVICE_FAMILY = "1,2";
				TEST_TARGET_NAME = FoodStacks;
			};
			name = Debug;
		};
		2CA5DF4727F54CF6002290D4 /* Release */ = {
			isa = XCBuildConfiguration;
			baseConfigurationReference = 6C872FB92231A9250CF0EC35 /* Pods-FoodStacks-FoodStacksUITests.release.xcconfig */;
			buildSettings = {
				ALWAYS_EMBED_SWIFT_STANDARD_LIBRARIES = YES;
				CODE_SIGN_STYLE = Automatic;
				CURRENT_PROJECT_VERSION = 1;
				GENERATE_INFOPLIST_FILE = YES;
				MARKETING_VERSION = 1.0;
				PRODUCT_BUNDLE_IDENTIFIER = com.relintao.FoodStacksUITests;
				PRODUCT_NAME = "$(TARGET_NAME)";
				SWIFT_EMIT_LOC_STRINGS = NO;
				SWIFT_VERSION = 5.0;
				TARGETED_DEVICE_FAMILY = "1,2";
				TEST_TARGET_NAME = FoodStacks;
			};
			name = Release;
		};
/* End XCBuildConfiguration section */

/* Begin XCConfigurationList section */
		2CA5DF1027F54CF3002290D4 /* Build configuration list for PBXProject "FoodStacks" */ = {
			isa = XCConfigurationList;
			buildConfigurations = (
				2CA5DF3D27F54CF6002290D4 /* Debug */,
				2CA5DF3E27F54CF6002290D4 /* Release */,
			);
			defaultConfigurationIsVisible = 0;
			defaultConfigurationName = Release;
		};
		2CA5DF3F27F54CF6002290D4 /* Build configuration list for PBXNativeTarget "FoodStacks" */ = {
			isa = XCConfigurationList;
			buildConfigurations = (
				2CA5DF4027F54CF6002290D4 /* Debug */,
				2CA5DF4127F54CF6002290D4 /* Release */,
			);
			defaultConfigurationIsVisible = 0;
			defaultConfigurationName = Release;
		};
		2CA5DF4227F54CF6002290D4 /* Build configuration list for PBXNativeTarget "FoodStacksTests" */ = {
			isa = XCConfigurationList;
			buildConfigurations = (
				2CA5DF4327F54CF6002290D4 /* Debug */,
				2CA5DF4427F54CF6002290D4 /* Release */,
			);
			defaultConfigurationIsVisible = 0;
			defaultConfigurationName = Release;
		};
		2CA5DF4527F54CF6002290D4 /* Build configuration list for PBXNativeTarget "FoodStacksUITests" */ = {
			isa = XCConfigurationList;
			buildConfigurations = (
				2CA5DF4627F54CF6002290D4 /* Debug */,
				2CA5DF4727F54CF6002290D4 /* Release */,
			);
			defaultConfigurationIsVisible = 0;
			defaultConfigurationName = Release;
		};
/* End XCConfigurationList section */
	};
	rootObject = 2CA5DF0D27F54CF3002290D4 /* Project object */;
}
